// !$*UTF8*$!
{
	archiveVersion = 1;
	classes = {
	};
	objectVersion = 48;
	objects = {

/* Begin PBXBuildFile section */
		9324167E1FB3F4EB0058D44F /* AppDelegate.swift in Sources */ = {isa = PBXBuildFile; fileRef = 9324167D1FB3F4EB0058D44F /* AppDelegate.swift */; };
		932416801FB3F4EB0058D44F /* ViewController.swift in Sources */ = {isa = PBXBuildFile; fileRef = 9324167F1FB3F4EB0058D44F /* ViewController.swift */; };
		932416831FB3F4EB0058D44F /* Main.storyboard in Resources */ = {isa = PBXBuildFile; fileRef = 932416811FB3F4EB0058D44F /* Main.storyboard */; };
		932416851FB3F4EB0058D44F /* Assets.xcassets in Resources */ = {isa = PBXBuildFile; fileRef = 932416841FB3F4EB0058D44F /* Assets.xcassets */; };
		932416881FB3F4EB0058D44F /* LaunchScreen.storyboard in Resources */ = {isa = PBXBuildFile; fileRef = 932416861FB3F4EB0058D44F /* LaunchScreen.storyboard */; };
/* End PBXBuildFile section */

/* Begin PBXFileReference section */
		9324167A1FB3F4EB0058D44F /* Directions.app */ = {isa = PBXFileReference; explicitFileType = wrapper.application; includeInIndex = 0; path = Directions.app; sourceTree = BUILT_PRODUCTS_DIR; };
		9324167D1FB3F4EB0058D44F /* AppDelegate.swift */ = {isa = PBXFileReference; lastKnownFileType = sourcecode.swift; path = AppDelegate.swift; sourceTree = "<group>"; };
		9324167F1FB3F4EB0058D44F /* ViewController.swift */ = {isa = PBXFileReference; lastKnownFileType = sourcecode.swift; path = ViewController.swift; sourceTree = "<group>"; };
		932416821FB3F4EB0058D44F /* Base */ = {isa = PBXFileReference; lastKnownFileType = file.storyboard; name = Base; path = Base.lproj/Main.storyboard; sourceTree = "<group>"; };
		932416841FB3F4EB0058D44F /* Assets.xcassets */ = {isa = PBXFileReference; lastKnownFileType = folder.assetcatalog; path = Assets.xcassets; sourceTree = "<group>"; };
		932416871FB3F4EB0058D44F /* Base */ = {isa = PBXFileReference; lastKnownFileType = file.storyboard; name = Base; path = Base.lproj/LaunchScreen.storyboard; sourceTree = "<group>"; };
		932416891FB3F4EB0058D44F /* Info.plist */ = {isa = PBXFileReference; lastKnownFileType = text.plist.xml; path = Info.plist; sourceTree = "<group>"; };
/* End PBXFileReference section */

/* Begin PBXFrameworksBuildPhase section */
		932416771FB3F4EB0058D44F /* Frameworks */ = {
			isa = PBXFrameworksBuildPhase;
			buildActionMask = 2147483647;
			files = (
			);
			runOnlyForDeploymentPostprocessing = 0;
		};
/* End PBXFrameworksBuildPhase section */

/* Begin PBXGroup section */
		932416711FB3F4EB0058D44F = {
			isa = PBXGroup;
			children = (
				9324167C1FB3F4EB0058D44F /* Directions */,
				9324167B1FB3F4EB0058D44F /* Products */,
			);
			sourceTree = "<group>";
		};
		9324167B1FB3F4EB0058D44F /* Products */ = {
			isa = PBXGroup;
			children = (
				9324167A1FB3F4EB0058D44F /* Directions.app */,
			);
			name = Products;
			sourceTree = "<group>";
		};
		9324167C1FB3F4EB0058D44F /* Directions */ = {
			isa = PBXGroup;
			children = (
				9324167D1FB3F4EB0058D44F /* AppDelegate.swift */,
				9324167F1FB3F4EB0058D44F /* ViewController.swift */,
				932416811FB3F4EB0058D44F /* Main.storyboard */,
				932416841FB3F4EB0058D44F /* Assets.xcassets */,
				932416861FB3F4EB0058D44F /* LaunchScreen.storyboard */,
				932416891FB3F4EB0058D44F /* Info.plist */,
			);
			path = Directions;
			sourceTree = "<group>";
		};
/* End PBXGroup section */

/* Begin PBXNativeTarget section */
		932416791FB3F4EB0058D44F /* Directions */ = {
			isa = PBXNativeTarget;
			buildConfigurationList = 9324168C1FB3F4EB0058D44F /* Build configuration list for PBXNativeTarget "Directions" */;
			buildPhases = (
				932416761FB3F4EB0058D44F /* Sources */,
				932416771FB3F4EB0058D44F /* Frameworks */,
				932416781FB3F4EB0058D44F /* Resources */,
			);
			buildRules = (
			);
			dependencies = (
			);
			name = Directions;
			productName = Directions;
			productReference = 9324167A1FB3F4EB0058D44F /* Directions.app */;
			productType = "com.apple.product-type.application";
		};
/* End PBXNativeTarget section */

/* Begin PBXProject section */
		932416721FB3F4EB0058D44F /* Project object */ = {
			isa = PBXProject;
			attributes = {
				LastSwiftUpdateCheck = 0900;
				LastUpgradeCheck = 0900;
				ORGANIZATIONNAME = "jorge Mtz R";
				TargetAttributes = {
					932416791FB3F4EB0058D44F = {
						CreatedOnToolsVersion = 9.0;
						ProvisioningStyle = Automatic;
					};
				};
			};
			buildConfigurationList = 932416751FB3F4EB0058D44F /* Build configuration list for PBXProject "Directions" */;
			compatibilityVersion = "Xcode 8.0";
			developmentRegion = en;
			hasScannedForEncodings = 0;
			knownRegions = (
				en,
				Base,
			);
			mainGroup = 932416711FB3F4EB0058D44F;
			productRefGroup = 9324167B1FB3F4EB0058D44F /* Products */;
			projectDirPath = "";
			projectRoot = "";
			targets = (
				932416791FB3F4EB0058D44F /* Directions */,
			);
		};
/* End PBXProject section */

/* Begin PBXResourcesBuildPhase section */
		932416781FB3F4EB0058D44F /* Resources */ = {
			isa = PBXResourcesBuildPhase;
			buildActionMask = 2147483647;
			files = (
				932416881FB3F4EB0058D44F /* LaunchScreen.storyboard in Resources */,
				932416851FB3F4EB0058D44F /* Assets.xcassets in Resources */,
				932416831FB3F4EB0058D44F /* Main.storyboard in Resources */,
			);
			runOnlyForDeploymentPostprocessing = 0;
		};
/* End PBXResourcesBuildPhase section */

/* Begin PBXSourcesBuildPhase section */
		932416761FB3F4EB0058D44F /* Sources */ = {
			isa = PBXSourcesBuildPhase;
			buildActionMask = 2147483647;
			files = (
				932416801FB3F4EB0058D44F /* ViewController.swift in Sources */,
				9324167E1FB3F4EB0058D44F /* AppDelegate.swift in Sources */,
			);
			runOnlyForDeploymentPostprocessing = 0;
		};
/* End PBXSourcesBuildPhase section */

/* Begin PBXVariantGroup section */
		932416811FB3F4EB0058D44F /* Main.storyboard */ = {
			isa = PBXVariantGroup;
			children = (
				932416821FB3F4EB0058D44F /* Base */,
			);
			name = Main.storyboard;
			sourceTree = "<group>";
		};
		932416861FB3F4EB0058D44F /* LaunchScreen.storyboard */ = {
			isa = PBXVariantGroup;
			children = (
				932416871FB3F4EB0058D44F /* Base */,
			);
			name = LaunchScreen.storyboard;
			sourceTree = "<group>";
		};
/* End PBXVariantGroup section */

/* Begin XCBuildConfiguration section */
		9324168A1FB3F4EB0058D44F /* Debug */ = {
			isa = XCBuildConfiguration;
			buildSettings = {
				ALWAYS_SEARCH_USER_PATHS = NO;
				CLANG_ANALYZER_NONNULL = YES;
				CLANG_ANALYZER_NUMBER_OBJECT_CONVERSION = YES_AGGRESSIVE;
				CLANG_CXX_LANGUAGE_STANDARD = "gnu++14";
				CLANG_CXX_LIBRARY = "libc++";
				CLANG_ENABLE_MODULES = YES;
				CLANG_ENABLE_OBJC_ARC = YES;
				CLANG_WARN_BLOCK_CAPTURE_AUTORELEASING = YES;
				CLANG_WARN_BOOL_CONVERSION = YES;
				CLANG_WARN_COMMA = YES;
				CLANG_WARN_CONSTANT_CONVERSION = YES;
				CLANG_WARN_DIRECT_OBJC_ISA_USAGE = YES_ERROR;
				CLANG_WARN_DOCUMENTATION_COMMENTS = YES;
				CLANG_WARN_EMPTY_BODY = YES;
				CLANG_WARN_ENUM_CONVERSION = YES;
				CLANG_WARN_INFINITE_RECURSION = YES;
				CLANG_WARN_INT_CONVERSION = YES;
				CLANG_WARN_NON_LITERAL_NULL_CONVERSION = YES;
				CLANG_WARN_OBJC_LITERAL_CONVERSION = YES;
				CLANG_WARN_OBJC_ROOT_CLASS = YES_ERROR;
				CLANG_WARN_RANGE_LOOP_ANALYSIS = YES;
				CLANG_WARN_STRICT_PROTOTYPES = YES;
				CLANG_WARN_SUSPICIOUS_MOVE = YES;
				CLANG_WARN_UNGUARDED_AVAILABILITY = YES_AGGRESSIVE;
				CLANG_WARN_UNREACHABLE_CODE = YES;
				CLANG_WARN__DUPLICATE_METHOD_MATCH = YES;
				CODE_SIGN_IDENTITY = "iPhone Developer";
				COPY_PHASE_STRIP = NO;
				DEBUG_INFORMATION_FORMAT = dwarf;
				ENABLE_STRICT_OBJC_MSGSEND = YES;
				ENABLE_TESTABILITY = YES;
				GCC_C_LANGUAGE_STANDARD = gnu11;
				GCC_DYNAMIC_NO_PIC = NO;
				GCC_NO_COMMON_BLOCKS = YES;
				GCC_OPTIMIZATION_LEVEL = 0;
				GCC_PREPROCESSOR_DEFINITIONS = (
					"DEBUG=1",
					"$(inherited)",
				);
				GCC_WARN_64_TO_32_BIT_CONVERSION = YES;
				GCC_WARN_ABOUT_RETURN_TYPE = YES_ERROR;
				GCC_WARN_UNDECLARED_SELECTOR = YES;
				GCC_WARN_UNINITIALIZED_AUTOS = YES_AGGRESSIVE;
				GCC_WARN_UNUSED_FUNCTION = YES;
				GCC_WARN_UNUSED_VARIABLE = YES;
				IPHONEOS_DEPLOYMENT_TARGET = 11.0;
				MTL_ENABLE_DEBUG_INFO = YES;
				ONLY_ACTIVE_ARCH = YES;
				SDKROOT = iphoneos;
				SWIFT_ACTIVE_COMPILATION_CONDITIONS = DEBUG;
				SWIFT_OPTIMIZATION_LEVEL = "-Onone";
			};
			name = Debug;
		};
		9324168B1FB3F4EB0058D44F /* Release */ = {
			isa = XCBuildConfiguration;
			buildSettings = {
				ALWAYS_SEARCH_USER_PATHS = NO;
				CLANG_ANALYZER_NONNULL = YES;
				CLANG_ANALYZER_NUMBER_OBJECT_CONVERSION = YES_AGGRESSIVE;
				CLANG_CXX_LANGUAGE_STANDARD = "gnu++14";
				CLANG_CXX_LIBRARY = "libc++";
				CLANG_ENABLE_MODULES = YES;
				CLANG_ENABLE_OBJC_ARC = YES;
				CLANG_WARN_BLOCK_CAPTURE_AUTORELEASING = YES;
				CLANG_WARN_BOOL_CONVERSION = YES;
				CLANG_WARN_COMMA = YES;
				CLANG_WARN_CONSTANT_CONVERSION = YES;
				CLANG_WARN_DIRECT_OBJC_ISA_USAGE = YES_ERROR;
				CLANG_WARN_DOCUMENTATION_COMMENTS = YES;
				CLANG_WARN_EMPTY_BODY = YES;
				CLANG_WARN_ENUM_CONVERSION = YES;
				CLANG_WARN_INFINITE_RECURSION = YES;
				CLANG_WARN_INT_CONVERSION = YES;
				CLANG_WARN_NON_LITERAL_NULL_CONVERSION = YES;
				CLANG_WARN_OBJC_LITERAL_CONVERSION = YES;
				CLANG_WARN_OBJC_ROOT_CLASS = YES_ERROR;
				CLANG_WARN_RANGE_LOOP_ANALYSIS = YES;
				CLANG_WARN_STRICT_PROTOTYPES = YES;
				CLANG_WARN_SUSPICIOUS_MOVE = YES;
				CLANG_WARN_UNGUARDED_AVAILABILITY = YES_AGGRESSIVE;
				CLANG_WARN_UNREACHABLE_CODE = YES;
				CLANG_WARN__DUPLICATE_METHOD_MATCH = YES;
				CODE_SIGN_IDENTITY = "iPhone Developer";
				COPY_PHASE_STRIP = NO;
				DEBUG_INFORMATION_FORMAT = "dwarf-with-dsym";
				ENABLE_NS_ASSERTIONS = NO;
				ENABLE_STRICT_OBJC_MSGSEND = YES;
				GCC_C_LANGUAGE_STANDARD = gnu11;
				GCC_NO_COMMON_BLOCKS = YES;
				GCC_WARN_64_TO_32_BIT_CONVERSION = YES;
				GCC_WARN_ABOUT_RETURN_TYPE = YES_ERROR;
				GCC_WARN_UNDECLARED_SELECTOR = YES;
				GCC_WARN_UNINITIALIZED_AUTOS = YES_AGGRESSIVE;
				GCC_WARN_UNUSED_FUNCTION = YES;
				GCC_WARN_UNUSED_VARIABLE = YES;
				IPHONEOS_DEPLOYMENT_TARGET = 11.0;
				MTL_ENABLE_DEBUG_INFO = NO;
				SDKROOT = iphoneos;
				SWIFT_OPTIMIZATION_LEVEL = "-Owholemodule";
				VALIDATE_PRODUCT = YES;
			};
			name = Release;
		};
		9324168D1FB3F4EB0058D44F /* Debug */ = {
			isa = XCBuildConfiguration;
			buildSettings = {
				ASSETCATALOG_COMPILER_APPICON_NAME = AppIcon;
				CODE_SIGN_STYLE = Automatic;
				DEVELOPMENT_TEAM = 9445LG25J4;
				INFOPLIST_FILE = Directions/Info.plist;
				LD_RUNPATH_SEARCH_PATHS = "$(inherited) @executable_path/Frameworks";
				PRODUCT_BUNDLE_IDENTIFIER = jorgeMtzR.Directions;
				PRODUCT_NAME = "$(TARGET_NAME)";
				SWIFT_VERSION = 4.0;
				TARGETED_DEVICE_FAMILY = "1,2";
			};
			name = Debug;
		};
		9324168E1FB3F4EB0058D44F /* Release */ = {
			isa = XCBuildConfiguration;
			buildSettings = {
				ASSETCATALOG_COMPILER_APPICON_NAME = AppIcon;
				CODE_SIGN_STYLE = Automatic;
				DEVELOPMENT_TEAM = 9445LG25J4;
				INFOPLIST_FILE = Directions/Info.plist;
				LD_RUNPATH_SEARCH_PATHS = "$(inherited) @executable_path/Frameworks";
				PRODUCT_BUNDLE_IDENTIFIER = jorgeMtzR.Directions;
				PRODUCT_NAME = "$(TARGET_NAME)";
				SWIFT_VERSION = 4.0;
				TARGETED_DEVICE_FAMILY = "1,2";
			};
			name = Release;
		};
/* End XCBuildConfiguration section */

/* Begin XCConfigurationList section */
		932416751FB3F4EB0058D44F /* Build configuration list for PBXProject "Directions" */ = {
			isa = XCConfigurationList;
			buildConfigurations = (
				9324168A1FB3F4EB0058D44F /* Debug */,
				9324168B1FB3F4EB0058D44F /* Release */,
			);
			defaultConfigurationIsVisible = 0;
			defaultConfigurationName = Release;
		};
		9324168C1FB3F4EB0058D44F /* Build configuration list for PBXNativeTarget "Directions" */ = {
			isa = XCConfigurationList;
			buildConfigurations = (
				9324168D1FB3F4EB0058D44F /* Debug */,
				9324168E1FB3F4EB0058D44F /* Release */,
			);
			defaultConfigurationIsVisible = 0;
			defaultConfigurationName = Release;
		};
/* End XCConfigurationList section */
	};
	rootObject = 932416721FB3F4EB0058D44F /* Project object */;
}
